
Microsoft Visual Studio Solution File, Format Version 12.00
# Visual Studio Version 16
VisualStudioVersion = 16.0.31729.503
MinimumVisualStudioVersion = 10.0.40219.1
Project("{FAE04EC0-301F-11D3-BF4B-00C04F79EFBC}") = "ClockExercise3", "ClockExercise3\ClockExercise3.csproj", "{E72AE350-57F7-486A-8712-8A7ECEF5AD81}"
EndProject
Global
	GlobalSection(SolutionConfigurationPlatforms) = preSolution
		Debug|Any CPU = Debug|Any CPU
		Release|Any CPU = Release|Any CPU
	EndGlobalSection
	GlobalSection(ProjectConfigurationPlatforms) = postSolution
		{E72AE350-57F7-486A-8712-8A7ECEF5AD81}.Debug|Any CPU.ActiveCfg = Debug|Any CPU
		{E72AE350-57F7-486A-8712-8A7ECEF5AD81}.Debug|Any CPU.Build.0 = Debug|Any CPU
		{E72AE350-57F7-486A-8712-8A7ECEF5AD81}.Release|Any CPU.ActiveCfg = Release|Any CPU
		{E72AE350-57F7-486A-8712-8A7ECEF5AD81}.Release|Any CPU.Build.0 = Release|Any CPU
	EndGlobalSection
	GlobalSection(SolutionProperties) = preSolution
		HideSolutionNode = FALSE
	EndGlobalSection
	GlobalSection(ExtensibilityGlobals) = postSolution
		SolutionGuid = {8422D221-3FFF-4A2D-A7B8-6ADC80D824AF}
	EndGlobalSection
EndGlobal
